
Microsoft Visual Studio Solution File, Format Version 12.00
# Visual Studio Version 17
VisualStudioVersion = 17.12.35707.178
MinimumVisualStudioVersion = 10.0.40219.1
Project("{2150E333-8FDC-42A3-9474-1A3956D46DE8}") = "Task0", "Task0", "{E340D882-D93F-462C-A189-DDF69D137C4B}"
EndProject
Project("{FAE04EC0-301F-11D3-BF4B-00C04F79EFBC}") = "Tyuiu.StarikovaVYA.Sprint0.Task0.V0", "Tyuiu.StarikovaVYA.Sprint0.Task0.V0\Tyuiu.StarikovaVYA.Sprint0.Task0.V0.csproj", "{DC021BA0-A942-4F84-A3A4-11C2A914561B}"
EndProject
Project("{2150E333-8FDC-42A3-9474-1A3956D46DE8}") = "Task1", "Task1", "{36D591C7-65C7-A0D1-1CBC-10CDE441BDC8}"
EndProject
Project("{FAE04EC0-301F-11D3-BF4B-00C04F79EFBC}") = "Tyuiu.StarikovaVYA.Sprint0.Task1.V0", "Tyuiu.StarikovaVYA.Sprint0.Task1.V0\Tyuiu.StarikovaVYA.Sprint0.Task1.V0.csproj", "{BD2C94F1-E53F-4BD6-A286-B0BAF2C2A739}"
EndProject
Project("{2150E333-8FDC-42A3-9474-1A3956D46DE8}") = "Task2", "Task2", "{EE4F85F7-02CF-4001-830F-606DC275AE27}"
EndProject
Project("{FAE04EC0-301F-11D3-BF4B-00C04F79EFBC}") = "Tyuiu.StarikovaVYA.Sprint0.Task2.V0", "Tyuiu.StarikovaVYA.Sprint0.Task2.V0\Tyuiu.StarikovaVYA.Sprint0.Task2.V0.csproj", "{247E10AF-CA1A-43C2-B0F8-304D50102E53}"
EndProject
Project("{FAE04EC0-301F-11D3-BF4B-00C04F79EFBC}") = "Tyuiu.StarikovaVYA.Sprint0.Task2.V0.Lib", "Tyuiu.StarikovaVYA.Sprint0.Task2.V0.lib\Tyuiu.StarikovaVYA.Sprint0.Task2.V0.Lib.csproj", "{BDF48A05-0E8A-4F90-807C-A3B5F60C41DF}"
EndProject
Project("{FAE04EC0-301F-11D3-BF4B-00C04F79EFBC}") = "Tyuiu.StarikovaVYA.Sprint0.Task2.V0.Test", "Tyuiu.StarikovaVYA.Sprint0.Task2.V0.Test\Tyuiu.StarikovaVYA.Sprint0.Task2.V0.Test.csproj", "{6D21BD04-7C91-4D5E-9A94-506D81FD9D3D}"
EndProject
Project("{2150E333-8FDC-42A3-9474-1A3956D46DE8}") = "Task3", "Task3", "{96E92181-0FF8-434C-967C-F41B96EBB587}"
EndProject
Project("{FAE04EC0-301F-11D3-BF4B-00C04F79EFBC}") = "﻿Tyuiu.StarikovaVYA.Sprint0.Task3.V0", "﻿Tyuiu.StarikovaVYA.Sprint0.Task3.V0\﻿Tyuiu.StarikovaVYA.Sprint0.Task3.V0.csproj", "{53C37CD7-F9A0-4DBD-99E2-3BC4FEC266F1}"
EndProject
Project("{FAE04EC0-301F-11D3-BF4B-00C04F79EFBC}") = "Tyuiu.StarikovaVYA.Sprint0.Task3.V0.Lib", "Tyuiu.StarikovaVYA.Sprint0.Task3.V0.Lib\Tyuiu.StarikovaVYA.Sprint0.Task3.V0.Lib.csproj", "{B849DBC6-1018-40CC-AE3A-F5A30B4412A5}"
EndProject
Project("{FAE04EC0-301F-11D3-BF4B-00C04F79EFBC}") = "Tyuiu.StarikovaVYA.Sprint0.Task3.V0.Test", "Tyuiu.StarikovaVYA.Sprint0.Task3.V0.Test\Tyuiu.StarikovaVYA.Sprint0.Task3.V0.Test.csproj", "{D4504FE9-0772-48BB-9744-05B1302B6417}"
EndProject
Project("{2150E333-8FDC-42A3-9474-1A3956D46DE8}") = "Task4", "Task4", "{8E50CB93-CBA8-4537-A2D7-B8CFC1FE565F}"
EndProject
Project("{FAE04EC0-301F-11D3-BF4B-00C04F79EFBC}") = "Tyuiu.StarikovaVYA.Sprint0.Task4.V0", "Tyuiu.StarikovaVYA.Sprint0.Task4.V0\Tyuiu.StarikovaVYA.Sprint0.Task4.V0.csproj", "{1AC8309B-180A-4141-96F1-85614FFDF6D7}"
EndProject
Project("{FAE04EC0-301F-11D3-BF4B-00C04F79EFBC}") = "Tyuiu.StarikovaVYA.Sprint0.Task4.V0.Lib", "Tyuiu.StarikovaVYA.Sprint0.Task4.V0.Lib\Tyuiu.StarikovaVYA.Sprint0.Task4.V0.Lib.csproj", "{EA7E337C-90A1-4CE4-AE1B-4856BEA71C53}"
EndProject
Project("{FAE04EC0-301F-11D3-BF4B-00C04F79EFBC}") = "Tyuiu.StarikovaVYA.Sprint0.Task4.V0.Test", "Tyuiu.StarikovaVYA.Sprint0.Task4.V0.Test\Tyuiu.StarikovaVYA.Sprint0.Task4.V0.Test.csproj", "{5C852855-88DB-41EC-B3C5-81BF2DF25568}"
EndProject
Project("{2150E333-8FDC-42A3-9474-1A3956D46DE8}") = "Task5", "Task5", "{74D91286-EAB9-40DA-BA90-1A2DFC0449BB}"
EndProject
Project("{FAE04EC0-301F-11D3-BF4B-00C04F79EFBC}") = "Tyuiu.StarikovaVYA.Sprint0.Task5.V0", "Tyuiu.StarikovaVYA.Sprint0.Task5.V0\Tyuiu.StarikovaVYA.Sprint0.Task5.V0.csproj", "{A294C24D-D2BA-49B4-8F36-884B573214F8}"
EndProject
Project("{FAE04EC0-301F-11D3-BF4B-00C04F79EFBC}") = "Tyuiu.StarikovaVYA.Sprint0.Task5.V0.Lib", "Tyuiu.StarikovaVYA.Sprint0.Task5.V0.Lib\Tyuiu.StarikovaVYA.Sprint0.Task5.V0.Lib.csproj", "{23FEC84B-909C-4625-AA37-8C621B812C6C}"
EndProject
Project("{FAE04EC0-301F-11D3-BF4B-00C04F79EFBC}") = "Tyuiu.StarikovaVYA.Sprint0.Task5.V0.Test", "Tyuiu.StarikovaVYA.Sprint0.Task5.V0.Test\Tyuiu.StarikovaVYA.Sprint0.Task5.V0.Test.csproj", "{E901B94A-B227-48FA-90B1-5DFF5D9B364B}"
EndProject
Project("{2150E333-8FDC-42A3-9474-1A3956D46DE8}") = "Task6", "Task6", "{6579593A-767A-4F5E-9AC5-9120B9DEC538}"
EndProject
Project("{FAE04EC0-301F-11D3-BF4B-00C04F79EFBC}") = "Tyuiu.StarikovaVYA.Sprint0.Task6.V0", "Tyuiu.StarikovaVYA.Sprint0.Task6.V0\Tyuiu.StarikovaVYA.Sprint0.Task6.V0.csproj", "{92B5611E-2C64-4486-A3EC-55A71E2A312D}"
EndProject
Project("{FAE04EC0-301F-11D3-BF4B-00C04F79EFBC}") = "Tyuiu.StarikovaVYA.Sprint0.Task6.V0.Lib", "Tyuiu.StarikovaVYA.Sprint0.Task6.V0.Lib\Tyuiu.StarikovaVYA.Sprint0.Task6.V0.Lib.csproj", "{2ABCCBBB-CA2F-48E4-8195-78617BB18FDB}"
EndProject
Project("{FAE04EC0-301F-11D3-BF4B-00C04F79EFBC}") = "Tyuiu.StarikovaVYA.Sprint0.Task6.V0.Test", "Tyuiu.StarikovaVYA.Sprint0.Task6.V0.Test\Tyuiu.StarikovaVYA.Sprint0.Task6.V0.Test.csproj", "{1CF31663-36D4-4EA7-A326-C60A2716B927}"
EndProject
Project("{2150E333-8FDC-42A3-9474-1A3956D46DE8}") = "Task7", "Task7", "{EC13D5E5-0CC5-4EBC-971C-7F3366A1A83B}"
EndProject
Project("{FAE04EC0-301F-11D3-BF4B-00C04F79EFBC}") = "Tyuiu.StarikovaVYA.Sprint0.Task7.V0", "Tyuiu.StarikovaVYA.Sprint0.Task7.V0\Tyuiu.StarikovaVYA.Sprint0.Task7.V0.csproj", "{E14E6A68-53E4-48B5-8926-709309D1907C}"
EndProject
Project("{FAE04EC0-301F-11D3-BF4B-00C04F79EFBC}") = "Tyuiu.StarikovaVYA.Sprint0.Task7.V0.Lib", "Tyuiu.StarikovaVYA.Sprint0.Task7.V0.Lib\Tyuiu.StarikovaVYA.Sprint0.Task7.V0.Lib.csproj", "{90C5740D-D389-4074-9839-A07D22DE07BB}"
EndProject
Project("{FAE04EC0-301F-11D3-BF4B-00C04F79EFBC}") = "Tyuiu.StarikovaVYA.Sprint0.Task7.V0.Test", "Tyuiu.StarikovaVYA.Sprint0.Task7.V0.Test\Tyuiu.StarikovaVYA.Sprint0.Task7.V0.Test.csproj", "{8B8D2A97-B90D-4302-8313-B4C094CD99B9}"
EndProject
Global
	GlobalSection(SolutionConfigurationPlatforms) = preSolution
		Debug|Any CPU = Debug|Any CPU
		Release|Any CPU = Release|Any CPU
	EndGlobalSection
	GlobalSection(ProjectConfigurationPlatforms) = postSolution
		{DC021BA0-A942-4F84-A3A4-11C2A914561B}.Debug|Any CPU.ActiveCfg = Debug|Any CPU
		{DC021BA0-A942-4F84-A3A4-11C2A914561B}.Debug|Any CPU.Build.0 = Debug|Any CPU
		{DC021BA0-A942-4F84-A3A4-11C2A914561B}.Release|Any CPU.ActiveCfg = Release|Any CPU
		{DC021BA0-A942-4F84-A3A4-11C2A914561B}.Release|Any CPU.Build.0 = Release|Any CPU
		{BD2C94F1-E53F-4BD6-A286-B0BAF2C2A739}.Debug|Any CPU.ActiveCfg = Debug|Any CPU
		{BD2C94F1-E53F-4BD6-A286-B0BAF2C2A739}.Debug|Any CPU.Build.0 = Debug|Any CPU
		{BD2C94F1-E53F-4BD6-A286-B0BAF2C2A739}.Release|Any CPU.ActiveCfg = Release|Any CPU
		{BD2C94F1-E53F-4BD6-A286-B0BAF2C2A739}.Release|Any CPU.Build.0 = Release|Any CPU
		{247E10AF-CA1A-43C2-B0F8-304D50102E53}.Debug|Any CPU.ActiveCfg = Debug|Any CPU
		{247E10AF-CA1A-43C2-B0F8-304D50102E53}.Debug|Any CPU.Build.0 = Debug|Any CPU
		{247E10AF-CA1A-43C2-B0F8-304D50102E53}.Release|Any CPU.ActiveCfg = Release|Any CPU
		{247E10AF-CA1A-43C2-B0F8-304D50102E53}.Release|Any CPU.Build.0 = Release|Any CPU
		{BDF48A05-0E8A-4F90-807C-A3B5F60C41DF}.Debug|Any CPU.ActiveCfg = Debug|Any CPU
		{BDF48A05-0E8A-4F90-807C-A3B5F60C41DF}.Debug|Any CPU.Build.0 = Debug|Any CPU
		{BDF48A05-0E8A-4F90-807C-A3B5F60C41DF}.Release|Any CPU.ActiveCfg = Release|Any CPU
		{BDF48A05-0E8A-4F90-807C-A3B5F60C41DF}.Release|Any CPU.Build.0 = Release|Any CPU
		{6D21BD04-7C91-4D5E-9A94-506D81FD9D3D}.Debug|Any CPU.ActiveCfg = Debug|Any CPU
		{6D21BD04-7C91-4D5E-9A94-506D81FD9D3D}.Debug|Any CPU.Build.0 = Debug|Any CPU
		{6D21BD04-7C91-4D5E-9A94-506D81FD9D3D}.Release|Any CPU.ActiveCfg = Release|Any CPU
		{6D21BD04-7C91-4D5E-9A94-506D81FD9D3D}.Release|Any CPU.Build.0 = Release|Any CPU
		{53C37CD7-F9A0-4DBD-99E2-3BC4FEC266F1}.Debug|Any CPU.ActiveCfg = Debug|Any CPU
		{53C37CD7-F9A0-4DBD-99E2-3BC4FEC266F1}.Debug|Any CPU.Build.0 = Debug|Any CPU
		{53C37CD7-F9A0-4DBD-99E2-3BC4FEC266F1}.Release|Any CPU.ActiveCfg = Release|Any CPU
		{53C37CD7-F9A0-4DBD-99E2-3BC4FEC266F1}.Release|Any CPU.Build.0 = Release|Any CPU
		{B849DBC6-1018-40CC-AE3A-F5A30B4412A5}.Debug|Any CPU.ActiveCfg = Debug|Any CPU
		{B849DBC6-1018-40CC-AE3A-F5A30B4412A5}.Debug|Any CPU.Build.0 = Debug|Any CPU
		{B849DBC6-1018-40CC-AE3A-F5A30B4412A5}.Release|Any CPU.ActiveCfg = Release|Any CPU
		{B849DBC6-1018-40CC-AE3A-F5A30B4412A5}.Release|Any CPU.Build.0 = Release|Any CPU
		{D4504FE9-0772-48BB-9744-05B1302B6417}.Debug|Any CPU.ActiveCfg = Debug|Any CPU
		{D4504FE9-0772-48BB-9744-05B1302B6417}.Debug|Any CPU.Build.0 = Debug|Any CPU
		{D4504FE9-0772-48BB-9744-05B1302B6417}.Release|Any CPU.ActiveCfg = Release|Any CPU
		{D4504FE9-0772-48BB-9744-05B1302B6417}.Release|Any CPU.Build.0 = Release|Any CPU
		{1AC8309B-180A-4141-96F1-85614FFDF6D7}.Debug|Any CPU.ActiveCfg = Debug|Any CPU
		{1AC8309B-180A-4141-96F1-85614FFDF6D7}.Debug|Any CPU.Build.0 = Debug|Any CPU
		{1AC8309B-180A-4141-96F1-85614FFDF6D7}.Release|Any CPU.ActiveCfg = Release|Any CPU
		{1AC8309B-180A-4141-96F1-85614FFDF6D7}.Release|Any CPU.Build.0 = Release|Any CPU
		{EA7E337C-90A1-4CE4-AE1B-4856BEA71C53}.Debug|Any CPU.ActiveCfg = Debug|Any CPU
		{EA7E337C-90A1-4CE4-AE1B-4856BEA71C53}.Debug|Any CPU.Build.0 = Debug|Any CPU
		{EA7E337C-90A1-4CE4-AE1B-4856BEA71C53}.Release|Any CPU.ActiveCfg = Release|Any CPU
		{EA7E337C-90A1-4CE4-AE1B-4856BEA71C53}.Release|Any CPU.Build.0 = Release|Any CPU
		{5C852855-88DB-41EC-B3C5-81BF2DF25568}.Debug|Any CPU.ActiveCfg = Debug|Any CPU
		{5C852855-88DB-41EC-B3C5-81BF2DF25568}.Debug|Any CPU.Build.0 = Debug|Any CPU
		{5C852855-88DB-41EC-B3C5-81BF2DF25568}.Release|Any CPU.ActiveCfg = Release|Any CPU
		{5C852855-88DB-41EC-B3C5-81BF2DF25568}.Release|Any CPU.Build.0 = Release|Any CPU
		{A294C24D-D2BA-49B4-8F36-884B573214F8}.Debug|Any CPU.ActiveCfg = Debug|Any CPU
		{A294C24D-D2BA-49B4-8F36-884B573214F8}.Debug|Any CPU.Build.0 = Debug|Any CPU
		{A294C24D-D2BA-49B4-8F36-884B573214F8}.Release|Any CPU.ActiveCfg = Release|Any CPU
		{A294C24D-D2BA-49B4-8F36-884B573214F8}.Release|Any CPU.Build.0 = Release|Any CPU
		{23FEC84B-909C-4625-AA37-8C621B812C6C}.Debug|Any CPU.ActiveCfg = Debug|Any CPU
		{23FEC84B-909C-4625-AA37-8C621B812C6C}.Debug|Any CPU.Build.0 = Debug|Any CPU
		{23FEC84B-909C-4625-AA37-8C621B812C6C}.Release|Any CPU.ActiveCfg = Release|Any CPU
		{23FEC84B-909C-4625-AA37-8C621B812C6C}.Release|Any CPU.Build.0 = Release|Any CPU
		{E901B94A-B227-48FA-90B1-5DFF5D9B364B}.Debug|Any CPU.ActiveCfg = Debug|Any CPU
		{E901B94A-B227-48FA-90B1-5DFF5D9B364B}.Debug|Any CPU.Build.0 = Debug|Any CPU
		{E901B94A-B227-48FA-90B1-5DFF5D9B364B}.Release|Any CPU.ActiveCfg = Release|Any CPU
		{E901B94A-B227-48FA-90B1-5DFF5D9B364B}.Release|Any CPU.Build.0 = Release|Any CPU
		{92B5611E-2C64-4486-A3EC-55A71E2A312D}.Debug|Any CPU.ActiveCfg = Debug|Any CPU
		{92B5611E-2C64-4486-A3EC-55A71E2A312D}.Debug|Any CPU.Build.0 = Debug|Any CPU
		{92B5611E-2C64-4486-A3EC-55A71E2A312D}.Release|Any CPU.ActiveCfg = Release|Any CPU
		{92B5611E-2C64-4486-A3EC-55A71E2A312D}.Release|Any CPU.Build.0 = Release|Any CPU
		{2ABCCBBB-CA2F-48E4-8195-78617BB18FDB}.Debug|Any CPU.ActiveCfg = Debug|Any CPU
		{2ABCCBBB-CA2F-48E4-8195-78617BB18FDB}.Debug|Any CPU.Build.0 = Debug|Any CPU
		{2ABCCBBB-CA2F-48E4-8195-78617BB18FDB}.Release|Any CPU.ActiveCfg = Release|Any CPU
		{2ABCCBBB-CA2F-48E4-8195-78617BB18FDB}.Release|Any CPU.Build.0 = Release|Any CPU
		{1CF31663-36D4-4EA7-A326-C60A2716B927}.Debug|Any CPU.ActiveCfg = Debug|Any CPU
		{1CF31663-36D4-4EA7-A326-C60A2716B927}.Debug|Any CPU.Build.0 = Debug|Any CPU
		{1CF31663-36D4-4EA7-A326-C60A2716B927}.Release|Any CPU.ActiveCfg = Release|Any CPU
		{1CF31663-36D4-4EA7-A326-C60A2716B927}.Release|Any CPU.Build.0 = Release|Any CPU
		{E14E6A68-53E4-48B5-8926-709309D1907C}.Debug|Any CPU.ActiveCfg = Debug|Any CPU
		{E14E6A68-53E4-48B5-8926-709309D1907C}.Debug|Any CPU.Build.0 = Debug|Any CPU
		{E14E6A68-53E4-48B5-8926-709309D1907C}.Release|Any CPU.ActiveCfg = Release|Any CPU
		{E14E6A68-53E4-48B5-8926-709309D1907C}.Release|Any CPU.Build.0 = Release|Any CPU
		{90C5740D-D389-4074-9839-A07D22DE07BB}.Debug|Any CPU.ActiveCfg = Debug|Any CPU
		{90C5740D-D389-4074-9839-A07D22DE07BB}.Debug|Any CPU.Build.0 = Debug|Any CPU
		{90C5740D-D389-4074-9839-A07D22DE07BB}.Release|Any CPU.ActiveCfg = Release|Any CPU
		{90C5740D-D389-4074-9839-A07D22DE07BB}.Release|Any CPU.Build.0 = Release|Any CPU
		{8B8D2A97-B90D-4302-8313-B4C094CD99B9}.Debug|Any CPU.ActiveCfg = Debug|Any CPU
		{8B8D2A97-B90D-4302-8313-B4C094CD99B9}.Debug|Any CPU.Build.0 = Debug|Any CPU
		{8B8D2A97-B90D-4302-8313-B4C094CD99B9}.Release|Any CPU.ActiveCfg = Release|Any CPU
		{8B8D2A97-B90D-4302-8313-B4C094CD99B9}.Release|Any CPU.Build.0 = Release|Any CPU
	EndGlobalSection
	GlobalSection(SolutionProperties) = preSolution
		HideSolutionNode = FALSE
	EndGlobalSection
	GlobalSection(NestedProjects) = preSolution
		{DC021BA0-A942-4F84-A3A4-11C2A914561B} = {E340D882-D93F-462C-A189-DDF69D137C4B}
		{BD2C94F1-E53F-4BD6-A286-B0BAF2C2A739} = {36D591C7-65C7-A0D1-1CBC-10CDE441BDC8}
		{247E10AF-CA1A-43C2-B0F8-304D50102E53} = {EE4F85F7-02CF-4001-830F-606DC275AE27}
		{BDF48A05-0E8A-4F90-807C-A3B5F60C41DF} = {EE4F85F7-02CF-4001-830F-606DC275AE27}
		{6D21BD04-7C91-4D5E-9A94-506D81FD9D3D} = {EE4F85F7-02CF-4001-830F-606DC275AE27}
		{53C37CD7-F9A0-4DBD-99E2-3BC4FEC266F1} = {96E92181-0FF8-434C-967C-F41B96EBB587}
		{B849DBC6-1018-40CC-AE3A-F5A30B4412A5} = {96E92181-0FF8-434C-967C-F41B96EBB587}
		{D4504FE9-0772-48BB-9744-05B1302B6417} = {96E92181-0FF8-434C-967C-F41B96EBB587}
		{1AC8309B-180A-4141-96F1-85614FFDF6D7} = {8E50CB93-CBA8-4537-A2D7-B8CFC1FE565F}
		{EA7E337C-90A1-4CE4-AE1B-4856BEA71C53} = {8E50CB93-CBA8-4537-A2D7-B8CFC1FE565F}
		{5C852855-88DB-41EC-B3C5-81BF2DF25568} = {8E50CB93-CBA8-4537-A2D7-B8CFC1FE565F}
		{A294C24D-D2BA-49B4-8F36-884B573214F8} = {74D91286-EAB9-40DA-BA90-1A2DFC0449BB}
		{23FEC84B-909C-4625-AA37-8C621B812C6C} = {74D91286-EAB9-40DA-BA90-1A2DFC0449BB}
		{E901B94A-B227-48FA-90B1-5DFF5D9B364B} = {74D91286-EAB9-40DA-BA90-1A2DFC0449BB}
		{92B5611E-2C64-4486-A3EC-55A71E2A312D} = {6579593A-767A-4F5E-9AC5-9120B9DEC538}
		{2ABCCBBB-CA2F-48E4-8195-78617BB18FDB} = {6579593A-767A-4F5E-9AC5-9120B9DEC538}
		{1CF31663-36D4-4EA7-A326-C60A2716B927} = {6579593A-767A-4F5E-9AC5-9120B9DEC538}
		{E14E6A68-53E4-48B5-8926-709309D1907C} = {EC13D5E5-0CC5-4EBC-971C-7F3366A1A83B}
		{90C5740D-D389-4074-9839-A07D22DE07BB} = {EC13D5E5-0CC5-4EBC-971C-7F3366A1A83B}
		{8B8D2A97-B90D-4302-8313-B4C094CD99B9} = {EC13D5E5-0CC5-4EBC-971C-7F3366A1A83B}
	EndGlobalSection
	GlobalSection(ExtensibilityGlobals) = postSolution
		SolutionGuid = {6E74A09A-8025-49BC-A049-5A96096051F4}
	EndGlobalSection
EndGlobal
